{
  "name": "tree-sitter-bridge",
  "version": "2.1.0",
  "lockfileVersion": 3,
  "requires": true,
  "packages": {
    "": {
      "name": "tree-sitter-bridge",
      "version": "2.1.0",
      "dependencies": {
        "tree-sitter": "^0.21.1",
        "tree-sitter-dart": "^1.0.0",
        "tree-sitter-go": "^0.21.0",
        "tree-sitter-javascript": "^0.21.4",
        "tree-sitter-python": "^0.21.0",
        "tree-sitter-ruby": "^0.21.0",
        "tree-sitter-typescript": "^0.21.2",
        "typescript": "^5.4.0"
      },
      "engines": {
        "node": ">=18.0.0"
      },
      "optionalDependencies": {
        "pyright": "^1.1.355"
      }
    },
    "node_modules/fsevents": {
      "version": "2.3.3",
      "resolved": "https://registry.npmjs.org/fsevents/-/fsevents-2.3.3.tgz",
      "integrity": "sha512-5xoDfX+fL7faATnagmWPpbFtwh/R77WmMMqqHGS65C3vvB0YHrgF+B1YmZ3441tMj5n63k0212XNoJwzlhffQw==",
      "hasInstallScript": true,
      "license": "MIT",
      "optional": true,
      "os": [
        "darwin"
      ],
      "engines": {
        "node": "^8.16.0 || ^10.6.0 || >=11.0.0"
      }
    },
    "node_modules/nan": {
      "version": "2.26.2",
      "resolved": "https://registry.npmjs.org/nan/-/nan-2.26.2.tgz",
      "integrity": "sha512-0tTvBTYkt3tdGw22nrAy50x7gpbGCCFH3AFcyS5WiUu7Eu4vWlri1woE6qHBSfy11vksDqkiwjOnlR7WV8G1Hw==",
      "license": "MIT"
    },
    "node_modules/node-addon-api": {
      "version": "8.6.0",
      "resolved": "https://registry.npmjs.org/node-addon-api/-/node-addon-api-8.6.0.tgz",
      "integrity": "sha512-gBVjCaqDlRUk0EwoPNKzIr9KkS9041G/q31IBShPs1Xz6UTA+EXdZADbzqAJQrpDRq71CIMnOP5VMut3SL0z5Q==",
      "license": "MIT",
      "engines": {
        "node": "^18 || ^20 || >= 21"
      }
    },
    "node_modules/node-gyp-build": {
      "version": "4.8.4",
      "resolved": "https://registry.npmjs.org/node-gyp-build/-/node-gyp-build-4.8.4.tgz",
      "integrity": "sha512-LA4ZjwlnUblHVgq0oBF3Jl/6h/Nvs5fzBLwdEF4nuxnFdsfajde4WfxtJr3CaiH+F6ewcIB/q4jQ4UzPyid+CQ==",
      "license": "MIT",
      "bin": {
        "node-gyp-build": "bin.js",
        "node-gyp-build-optional": "optional.js",
        "node-gyp-build-test": "build-test.js"
      }
    },
    "node_modules/pyright": {
      "version": "1.1.408",
      "resolved": "https://registry.npmjs.org/pyright/-/pyright-1.1.408.tgz",
      "integrity": "sha512-N61pxaLLCsPcUuPPHMNIrGoZgGBgrbjBX5UqkaT5UV8NVZdL7ExsO6N3ectv1DzAUsLOzdlyqoYtX76u8eF4YA==",
      "license": "MIT",
      "optional": true,
      "bin": {
        "pyright": "index.js",
        "pyright-langserver": "langserver.index.js"
      },
      "engines": {
        "node": ">=14.0.0"
      },
      "optionalDependencies": {
        "fsevents": "~2.3.3"
      }
    },
    "node_modules/tree-sitter": {
      "version": "0.21.1",
      "resolved": "https://registry.npmjs.org/tree-sitter/-/tree-sitter-0.21.1.tgz",
      "integrity": "sha512-7dxoA6kYvtgWw80265MyqJlkRl4yawIjO7S5MigytjELkX43fV2WsAXzsNfO7sBpPPCF5Gp0+XzHk0DwLCq3xQ==",
      "hasInstallScript": true,
      "license": "MIT",
      "dependencies": {
        "node-addon-api": "^8.0.0",
        "node-gyp-build": "^4.8.0"
      }
    },
    "node_modules/tree-sitter-dart": {
      "version": "1.0.0",
      "resolved": "https://registry.npmjs.org/tree-sitter-dart/-/tree-sitter-dart-1.0.0.tgz",
      "integrity": "sha512-Ve5YMPJjjGW9LEsO+MngAOibQsw5obFp+bUT41pvwdcXWRwJImOWs3eaPi6AubEiBmc09qvhdvxeIXvxlhMnug==",
      "hasInstallScript": true,
      "license": "ISC",
      "dependencies": {
        "nan": "^2.15.0"
      }
    },
    "node_modules/tree-sitter-go": {
      "version": "0.21.2",
      "resolved": "https://registry.npmjs.org/tree-sitter-go/-/tree-sitter-go-0.21.2.tgz",
      "integrity": "sha512-aMFwjsB948nWhURiIxExK8QX29JYKs96P/IfXVvluVMRJZpL04SREHsdOZHYqJr1whkb7zr3/gWHqqvlkczmvw==",
      "hasInstallScript": true,
      "license": "MIT",
      "dependencies": {
        "node-addon-api": "^8.1.0",
        "node-gyp-build": "^4.8.1"
      },
      "peerDependencies": {
        "tree-sitter": "^0.21.0"
      },
      "peerDependenciesMeta": {
        "tree_sitter": {
          "optional": true
        }
      }
    },
    "node_modules/tree-sitter-javascript": {
      "version": "0.21.4",
      "resolved": "https://registry.npmjs.org/tree-sitter-javascript/-/tree-sitter-javascript-0.21.4.tgz",
      "integrity": "sha512-Lrk8yahebwrwc1sWJE9xPcz1OnnqiEV7Dh5fbN6EN3wNAdu9r06HpTqLqDwUUbnG4EB46Sfk+FJFAOldfoKLOw==",
      "hasInstallScript": true,
      "license": "MIT",
      "dependencies": {
        "node-addon-api": "^8.0.0",
        "node-gyp-build": "^4.8.1"
      },
      "peerDependencies": {
        "tree-sitter": "^0.21.1"
      },
      "peerDependenciesMeta": {
        "tree_sitter": {
          "optional": true
        }
      }
    },
    "node_modules/tree-sitter-python": {
      "version": "0.21.0",
      "resolved": "https://registry.npmjs.org/tree-sitter-python/-/tree-sitter-python-0.21.0.tgz",
      "integrity": "sha512-IUKx7JcTVbByUx1iHGFS/QsIjx7pqwTMHL9bl/NGyhyyydbfNrpruo2C7W6V4KZrbkkCOlX8QVrCoGOFW5qecg==",
      "hasInstallScript": true,
      "license": "MIT",
      "dependencies": {
        "node-addon-api": "^7.1.0",
        "node-gyp-build": "^4.8.0"
      },
      "peerDependencies": {
        "tree-sitter": "^0.21.0"
      },
      "peerDependenciesMeta": {
        "tree_sitter": {
          "optional": true
        }
      }
    },
    "node_modules/tree-sitter-python/node_modules/node-addon-api": {
      "version": "7.1.1",
      "resolved": "https://registry.npmjs.org/node-addon-api/-/node-addon-api-7.1.1.tgz",
      "integrity": "sha512-5m3bsyrjFWE1xf7nz7YXdN4udnVtXK6/Yfgn5qnahL6bCkf2yKt4k3nuTKAtT4r3IG8JNR2ncsIMdZuAzJjHQQ==",
      "license": "MIT"
    },
    "node_modules/tree-sitter-ruby": {
      "version": "0.21.0",
      "resolved": "https://registry.npmjs.org/tree-sitter-ruby/-/tree-sitter-ruby-0.21.0.tgz",
      "integrity": "sha512-UrMpF9CZxKbZ5UFuPdXDuraaaYSMMlAiuzTpQXwNm7y0D48ibc9stWU5D6vDyJD0qf5/R+3yKTYHdHkqibmLSQ==",
      "hasInstallScript": true,
      "license": "MIT",
      "dependencies": {
        "node-addon-api": "^8.0.0",
        "node-gyp-build": "^4.8.1"
      },
      "peerDependencies": {
        "tree-sitter": "^0.21.0"
      },
      "peerDependenciesMeta": {
        "tree_sitter": {
          "optional": true
        }
      }
    },
    "node_modules/tree-sitter-typescript": {
      "version": "0.21.2",
      "resolved": "https://registry.npmjs.org/tree-sitter-typescript/-/tree-sitter-typescript-0.21.2.tgz",
      "integrity": "sha512-/RyNK41ZpkA8PuPZimR6pGLvNR1p0ibRUJwwQn4qAjyyLEIQD/BNlwS3NSxWtGsAWZe9gZ44VK1mWx2+eQVldg==",
      "hasInstallScript": true,
      "license": "MIT",
      "dependencies": {
        "node-addon-api": "^8.0.0",
        "node-gyp-build": "^4.8.1"
      },
      "peerDependencies": {
        "tree-sitter": "^0.21.0"
      },
      "peerDependenciesMeta": {
        "tree_sitter": {
          "optional": true
        }
      }
    },
    "node_modules/typescript": {
      "version": "5.9.3",
      "resolved": "https://registry.npmjs.org/typescript/-/typescript-5.9.3.tgz",
      "integrity": "sha512-jl1vZzPDinLr9eUt3J/t7V6FgNEw9QjvBPdysz9KfQDD41fQrC2Y4vKQdiaUpFT4bXlb1RHhLpp8wtm6M5TgSw==",
      "license": "Apache-2.0",
      "bin": {
        "tsc": "bin/tsc",
        "tsserver": "bin/tsserver"
      },
      "engines": {
        "node": ">=14.17"
      }
    }
  }
}
